
Microsoft Visual Studio Solution File, Format Version 12.00
# Visual Studio Version 17
VisualStudioVersion = 17.3.32825.248
MinimumVisualStudioVersion = 10.0.40219.1
Project("{FAE04EC0-301F-11D3-BF4B-00C04F79EFBC}") = "Design Patterns", "Design Patterns\Design Patterns.csproj", "{AAD4B512-B820-4367-B50F-B8D26D01CC16}"
EndProject
Global
	GlobalSection(SolutionConfigurationPlatforms) = preSolution
		Debug|Any CPU = Debug|Any CPU
		Release|Any CPU = Release|Any CPU
	EndGlobalSection
	GlobalSection(ProjectConfigurationPlatforms) = postSolution
		{AAD4B512-B820-4367-B50F-B8D26D01CC16}.Debug|Any CPU.ActiveCfg = Debug|Any CPU
		{AAD4B512-B820-4367-B50F-B8D26D01CC16}.Debug|Any CPU.Build.0 = Debug|Any CPU
		{AAD4B512-B820-4367-B50F-B8D26D01CC16}.Release|Any CPU.ActiveCfg = Release|Any CPU
		{AAD4B512-B820-4367-B50F-B8D26D01CC16}.Release|Any CPU.Build.0 = Release|Any CPU
	EndGlobalSection
	GlobalSection(SolutionProperties) = preSolution
		HideSolutionNode = FALSE
	EndGlobalSection
	GlobalSection(ExtensibilityGlobals) = postSolution
		SolutionGuid = {A50F4626-04EE-4DBD-83CD-D54842021886}
	EndGlobalSection
EndGlobal
